
Microsoft Visual Studio Solution File, Format Version 12.00
# Visual Studio 2012
Project("{FAE04EC0-301F-11D3-BF4B-00C04F79EFBC}") = "PersonalSite.Domain", "PersonalSite.Domain\PersonalSite.Domain.csproj", "{56C2A4AC-E4F2-4529-886C-E585FFD33AFC}"
EndProject
Project("{FAE04EC0-301F-11D3-BF4B-00C04F79EFBC}") = "PersonalSite.WebUI", "PersonalSite.WebUI\PersonalSite.WebUI.csproj", "{5C350ED8-B2C3-4B47-A824-6F640208D277}"
	ProjectSection(ProjectDependencies) = postProject
		{56C2A4AC-E4F2-4529-886C-E585FFD33AFC} = {56C2A4AC-E4F2-4529-886C-E585FFD33AFC}
	EndProjectSection
EndProject
Global
	GlobalSection(SolutionConfigurationPlatforms) = preSolution
		Debug|Any CPU = Debug|Any CPU
		Release|Any CPU = Release|Any CPU
	EndGlobalSection
	GlobalSection(ProjectConfigurationPlatforms) = postSolution
		{56C2A4AC-E4F2-4529-886C-E585FFD33AFC}.Debug|Any CPU.ActiveCfg = Debug|Any CPU
		{56C2A4AC-E4F2-4529-886C-E585FFD33AFC}.Debug|Any CPU.Build.0 = Debug|Any CPU
		{56C2A4AC-E4F2-4529-886C-E585FFD33AFC}.Release|Any CPU.ActiveCfg = Release|Any CPU
		{56C2A4AC-E4F2-4529-886C-E585FFD33AFC}.Release|Any CPU.Build.0 = Release|Any CPU
		{5C350ED8-B2C3-4B47-A824-6F640208D277}.Debug|Any CPU.ActiveCfg = Debug|Any CPU
		{5C350ED8-B2C3-4B47-A824-6F640208D277}.Debug|Any CPU.Build.0 = Debug|Any CPU
		{5C350ED8-B2C3-4B47-A824-6F640208D277}.Release|Any CPU.ActiveCfg = Release|Any CPU
		{5C350ED8-B2C3-4B47-A824-6F640208D277}.Release|Any CPU.Build.0 = Release|Any CPU
	EndGlobalSection
	GlobalSection(SolutionProperties) = preSolution
		HideSolutionNode = FALSE
	EndGlobalSection
EndGlobal
